
Microsoft Visual Studio Solution File, Format Version 12.00
# Visual Studio Version 17
VisualStudioVersion = 17.4.33122.133
MinimumVisualStudioVersion = 10.0.40219.1
Project("{FAE04EC0-301F-11D3-BF4B-00C04F79EFBC}") = "WebPortal", "WebPortal\WebPortal.csproj", "{A2A27952-7A4A-47F4-9652-4C9D2F224582}"
EndProject
Global
	GlobalSection(SolutionConfigurationPlatforms) = preSolution
		Debug|Any CPU = Debug|Any CPU
		Release|Any CPU = Release|Any CPU
	EndGlobalSection
	GlobalSection(ProjectConfigurationPlatforms) = postSolution
		{A2A27952-7A4A-47F4-9652-4C9D2F224582}.Debug|Any CPU.ActiveCfg = Debug|Any CPU
		{A2A27952-7A4A-47F4-9652-4C9D2F224582}.Debug|Any CPU.Build.0 = Debug|Any CPU
		{A2A27952-7A4A-47F4-9652-4C9D2F224582}.Release|Any CPU.ActiveCfg = Release|Any CPU
		{A2A27952-7A4A-47F4-9652-4C9D2F224582}.Release|Any CPU.Build.0 = Release|Any CPU
	EndGlobalSection
	GlobalSection(SolutionProperties) = preSolution
		HideSolutionNode = FALSE
	EndGlobalSection
	GlobalSection(ExtensibilityGlobals) = postSolution
		SolutionGuid = {EA1B8C9E-9261-409A-83C4-DD17B1ABA993}
	EndGlobalSection
EndGlobal
